
Microsoft Visual Studio Solution File, Format Version 12.00
# Visual Studio Version 17
VisualStudioVersion = 17.5.33502.453
MinimumVisualStudioVersion = 10.0.40219.1
Project("{8BC9CEB8-8B4A-11D0-8D11-00A0C91BC942}") = "MST", "MST\MST.vcxproj", "{5DF3F3FC-5758-4758-B094-07D394374785}"
EndProject
Global
	GlobalSection(SolutionConfigurationPlatforms) = preSolution
		Debug|arm64 = Debug|arm64
		Debug|x64 = Debug|x64
		Debug|x86 = Debug|x86
		Release|arm64 = Release|arm64
		Release|x64 = Release|x64
		Release|x86 = Release|x86
	EndGlobalSection
	GlobalSection(ProjectConfigurationPlatforms) = postSolution
		{5DF3F3FC-5758-4758-B094-07D394374785}.Debug|arm64.ActiveCfg = Debug|arm64
		{5DF3F3FC-5758-4758-B094-07D394374785}.Debug|arm64.Build.0 = Debug|arm64
		{5DF3F3FC-5758-4758-B094-07D394374785}.Debug|x64.ActiveCfg = Debug|x64
		{5DF3F3FC-5758-4758-B094-07D394374785}.Debug|x64.Build.0 = Debug|x64
		{5DF3F3FC-5758-4758-B094-07D394374785}.Debug|x86.ActiveCfg = Debug|Win32
		{5DF3F3FC-5758-4758-B094-07D394374785}.Debug|x86.Build.0 = Debug|Win32
		{5DF3F3FC-5758-4758-B094-07D394374785}.Release|arm64.ActiveCfg = Release|arm64
		{5DF3F3FC-5758-4758-B094-07D394374785}.Release|arm64.Build.0 = Release|arm64
		{5DF3F3FC-5758-4758-B094-07D394374785}.Release|x64.ActiveCfg = Release|x64
		{5DF3F3FC-5758-4758-B094-07D394374785}.Release|x64.Build.0 = Release|x64
		{5DF3F3FC-5758-4758-B094-07D394374785}.Release|x86.ActiveCfg = Release|Win32
		{5DF3F3FC-5758-4758-B094-07D394374785}.Release|x86.Build.0 = Release|Win32
	EndGlobalSection
	GlobalSection(SolutionProperties) = preSolution
		HideSolutionNode = FALSE
	EndGlobalSection
	GlobalSection(ExtensibilityGlobals) = postSolution
		SolutionGuid = {187BE9B7-1D03-4E27-B8A9-9506E55E5FD2}
	EndGlobalSection
EndGlobal
